
Microsoft Visual Studio Solution File, Format Version 12.00
# Visual Studio Version 16
VisualStudioVersion = 16.0.29920.165
MinimumVisualStudioVersion = 10.0.40219.1
Project("{FAE04EC0-301F-11D3-BF4B-00C04F79EFBC}") = "dynamic menus", "dynamic menus\dynamic menus.csproj", "{123E0C46-B0DD-47A3-BC26-8EB1317A2484}"
EndProject
Global
	GlobalSection(SolutionConfigurationPlatforms) = preSolution
		Debug|Any CPU = Debug|Any CPU
		Release|Any CPU = Release|Any CPU
	EndGlobalSection
	GlobalSection(ProjectConfigurationPlatforms) = postSolution
		{123E0C46-B0DD-47A3-BC26-8EB1317A2484}.Debug|Any CPU.ActiveCfg = Debug|Any CPU
		{123E0C46-B0DD-47A3-BC26-8EB1317A2484}.Debug|Any CPU.Build.0 = Debug|Any CPU
		{123E0C46-B0DD-47A3-BC26-8EB1317A2484}.Release|Any CPU.ActiveCfg = Release|Any CPU
		{123E0C46-B0DD-47A3-BC26-8EB1317A2484}.Release|Any CPU.Build.0 = Release|Any CPU
	EndGlobalSection
	GlobalSection(SolutionProperties) = preSolution
		HideSolutionNode = FALSE
	EndGlobalSection
	GlobalSection(ExtensibilityGlobals) = postSolution
		SolutionGuid = {BDFFB9C6-94DB-4B05-8857-93C29D6994E3}
	EndGlobalSection
EndGlobal
